
Microsoft Visual Studio Solution File, Format Version 11.00
# Visual Studio 2010
Project("{FAE04EC0-301F-11D3-BF4B-00C04F79EFBC}") = "Assembly-CSharp", "Assembly-CSharp.csproj", "{B9BC6FB9-0FD8-353A-B12F-2576C93D47A7}"
EndProject
Project("{FAE04EC0-301F-11D3-BF4B-00C04F79EFBC}") = "Assembly-CSharp-firstpass", "Assembly-CSharp-firstpass.csproj", "{1237E23B-4666-EB9D-EAA7-CF1BF32CF29E}"
EndProject
Project("{FAE04EC0-301F-11D3-BF4B-00C04F79EFBC}") = "Assembly-CSharp-Editor", "Assembly-CSharp-Editor.csproj", "{F34DD9DD-7081-CC77-EF30-91DEF2C6DF06}"
EndProject
Global
	GlobalSection(SolutionConfigurationPlatforms) = preSolution
		Debug|Any CPU = Debug|Any CPU
		Release|Any CPU = Release|Any CPU
	EndGlobalSection
	GlobalSection(ProjectConfigurationPlatforms) = postSolution
		{B9BC6FB9-0FD8-353A-B12F-2576C93D47A7}.Debug|Any CPU.ActiveCfg = Debug|Any CPU
		{B9BC6FB9-0FD8-353A-B12F-2576C93D47A7}.Debug|Any CPU.Build.0 = Debug|Any CPU
		{B9BC6FB9-0FD8-353A-B12F-2576C93D47A7}.Release|Any CPU.ActiveCfg = Release|Any CPU
		{B9BC6FB9-0FD8-353A-B12F-2576C93D47A7}.Release|Any CPU.Build.0 = Release|Any CPU
		{1237E23B-4666-EB9D-EAA7-CF1BF32CF29E}.Debug|Any CPU.ActiveCfg = Debug|Any CPU
		{1237E23B-4666-EB9D-EAA7-CF1BF32CF29E}.Debug|Any CPU.Build.0 = Debug|Any CPU
		{1237E23B-4666-EB9D-EAA7-CF1BF32CF29E}.Release|Any CPU.ActiveCfg = Release|Any CPU
		{1237E23B-4666-EB9D-EAA7-CF1BF32CF29E}.Release|Any CPU.Build.0 = Release|Any CPU
		{F34DD9DD-7081-CC77-EF30-91DEF2C6DF06}.Debug|Any CPU.ActiveCfg = Debug|Any CPU
		{F34DD9DD-7081-CC77-EF30-91DEF2C6DF06}.Debug|Any CPU.Build.0 = Debug|Any CPU
		{F34DD9DD-7081-CC77-EF30-91DEF2C6DF06}.Release|Any CPU.ActiveCfg = Release|Any CPU
		{F34DD9DD-7081-CC77-EF30-91DEF2C6DF06}.Release|Any CPU.Build.0 = Release|Any CPU
	EndGlobalSection
	GlobalSection(SolutionProperties) = preSolution
		HideSolutionNode = FALSE
	EndGlobalSection
	GlobalSection(MonoDevelopProperties) = preSolution
		StartupItem = Assembly-CSharp.csproj
	EndGlobalSection
EndGlobal
