
Microsoft Visual Studio Solution File, Format Version 11.00
# Visual Studio 2010
Project("{FAE04EC0-301F-11D3-BF4B-00C04F79EFBC}") = "Assembly-CSharp", "Assembly-CSharp.csproj", "{45E5CAEE-F015-6D66-2482-489313EE39DD}"
EndProject
Project("{FAE04EC0-301F-11D3-BF4B-00C04F79EFBC}") = "Assembly-CSharp-firstpass", "Assembly-CSharp-firstpass.csproj", "{9D649476-C0E6-DAA4-0650-81C5603CD77B}"
EndProject
Project("{FAE04EC0-301F-11D3-BF4B-00C04F79EFBC}") = "Assembly-CSharp-Editor", "Assembly-CSharp-Editor.csproj", "{2E217181-CDB9-E67E-A42B-AB55E040566C}"
EndProject
Global
	GlobalSection(SolutionConfigurationPlatforms) = preSolution
		Debug|Any CPU = Debug|Any CPU
		Release|Any CPU = Release|Any CPU
	EndGlobalSection
	GlobalSection(ProjectConfigurationPlatforms) = postSolution
		{45E5CAEE-F015-6D66-2482-489313EE39DD}.Debug|Any CPU.ActiveCfg = Debug|Any CPU
		{45E5CAEE-F015-6D66-2482-489313EE39DD}.Debug|Any CPU.Build.0 = Debug|Any CPU
		{45E5CAEE-F015-6D66-2482-489313EE39DD}.Release|Any CPU.ActiveCfg = Release|Any CPU
		{45E5CAEE-F015-6D66-2482-489313EE39DD}.Release|Any CPU.Build.0 = Release|Any CPU
		{9D649476-C0E6-DAA4-0650-81C5603CD77B}.Debug|Any CPU.ActiveCfg = Debug|Any CPU
		{9D649476-C0E6-DAA4-0650-81C5603CD77B}.Debug|Any CPU.Build.0 = Debug|Any CPU
		{9D649476-C0E6-DAA4-0650-81C5603CD77B}.Release|Any CPU.ActiveCfg = Release|Any CPU
		{9D649476-C0E6-DAA4-0650-81C5603CD77B}.Release|Any CPU.Build.0 = Release|Any CPU
		{2E217181-CDB9-E67E-A42B-AB55E040566C}.Debug|Any CPU.ActiveCfg = Debug|Any CPU
		{2E217181-CDB9-E67E-A42B-AB55E040566C}.Debug|Any CPU.Build.0 = Debug|Any CPU
		{2E217181-CDB9-E67E-A42B-AB55E040566C}.Release|Any CPU.ActiveCfg = Release|Any CPU
		{2E217181-CDB9-E67E-A42B-AB55E040566C}.Release|Any CPU.Build.0 = Release|Any CPU
	EndGlobalSection
	GlobalSection(SolutionProperties) = preSolution
		HideSolutionNode = FALSE
	EndGlobalSection
	GlobalSection(MonoDevelopProperties) = preSolution
		StartupItem = Assembly-CSharp.csproj
	EndGlobalSection
EndGlobal
